{
    "_meta": {
        "hash": {
            "sha256": "67a1c6eeb93b70cd4534f422f90a418a8ec835c53ff0669610e9ac5e80c59a34"
        },
        "pipfile-spec": 6,
        "requires": {
            "python_version": "3.7"
        },
        "sources": [
            {
                "name": "pypi",
                "url": "https://pypi.org/simple",
                "verify_ssl": true
            }
        ]
    },
    "default": {
        "beautifulsoup4": {
            "hashes": [
                "sha256:9a315ce70049920ea4572a4055bc4bd700c940521d36fc858205ad4fcde149bf",
                "sha256:c23ad23c521d818955a4151a67d81580319d4bf548d3d49f4223ae041ff98891"
            ],
            "markers": "python_version >= '3.1'",
            "version": "==4.10.0"
        },
        "bs4": {
            "hashes": [
                "sha256:36ecea1fd7cc5c0c6e4a1ff075df26d50da647b75376626cc186e2212886dd3a"
            ],
            "index": "pypi",
            "version": "==0.0.1"
        },
        "certifi": {
            "hashes": [
                "sha256:78884e7c1d4b00ce3cea67b44566851c4343c120abd683433ce934a68ea58872",
                "sha256:d62a0163eb4c2344ac042ab2bdf75399a71a2d8c7d47eac2e2ee91b9d6339569"
            ],
            "version": "==2021.10.8"
        },
        "charset-normalizer": {
            "hashes": [
                "sha256:1eecaa09422db5be9e29d7fc65664e6c33bd06f9ced7838578ba40d58bdf3721",
                "sha256:b0b883e8e874edfdece9c28f314e3dd5badf067342e42fb162203335ae61aa2c"
            ],
            "markers": "python_version >= '3'",
            "version": "==2.0.9"
        },
        "idna": {
            "hashes": [
                "sha256:84d9dd047ffa80596e0f246e2eab0b391788b0503584e8945f2368256d2735ff",
                "sha256:9d643ff0a55b762d5cdb124b8eaa99c66322e2157b69160bc32796e824360e6d"
            ],
            "markers": "python_version >= '3'",
            "version": "==3.3"
        },
        "inscriptis": {
            "hashes": [
                "sha256:33dc14343d859fc0f1f0118145b6c630d77ffd822f51197c57613dbe91885717",
                "sha256:5cb1e62687f6c3d5c413247fb4a0c431a299dddc919d1cd9bc7d9728bce7249d"
            ],
            "index": "pypi",
            "version": "==0.0.4.0"
        },
        "lxml": {
            "hashes": [
                "sha256:11ae552a78612620afd15625be9f1b82e3cc2e634f90d6b11709b10a100cba59",
                "sha256:121fc6f71c692b49af6c963b84ab7084402624ffbe605287da362f8af0668ea3",
                "sha256:124f09614f999551ac65e5b9875981ce4b66ac4b8e2ba9284572f741935df3d9",
                "sha256:12ae2339d32a2b15010972e1e2467345b7bf962e155671239fba74c229564b7f",
                "sha256:12d8d6fe3ddef629ac1349fa89a638b296a34b6529573f5055d1cb4e5245f73b",
                "sha256:1a2a7659b8eb93c6daee350a0d844994d49245a0f6c05c747f619386fb90ba04",
                "sha256:1ccbfe5d17835db906f2bab6f15b34194db1a5b07929cba3cf45a96dbfbfefc0",
                "sha256:2f77556266a8fe5428b8759fbfc4bd70be1d1d9c9b25d2a414f6a0c0b0f09120",
                "sha256:3534d7c468c044f6aef3c0aff541db2826986a29ea73f2ca831f5d5284d9b570",
                "sha256:3884476a90d415be79adfa4e0e393048630d0d5bcd5757c4c07d8b4b00a1096b",
                "sha256:3b95fb7e6f9c2f53db88f4642231fc2b8907d854e614710996a96f1f32018d5c",
                "sha256:46515773570a33eae13e451c8fcf440222ef24bd3b26f40774dd0bd8b6db15b2",
                "sha256:46f21f2600d001af10e847df9eb3b832e8a439f696c04891bcb8a8cedd859af9",
                "sha256:473701599665d874919d05bb33b56180447b3a9da8d52d6d9799f381ce23f95c",
                "sha256:4b9390bf973e3907d967b75be199cf1978ca8443183cf1e78ad80ad8be9cf242",
                "sha256:4f415624cf8b065796649a5e4621773dc5c9ea574a944c76a7f8a6d3d2906b41",
                "sha256:534032a5ceb34bba1da193b7d386ac575127cc39338379f39a164b10d97ade89",
                "sha256:558485218ee06458643b929765ac1eb04519ca3d1e2dcc288517de864c747c33",
                "sha256:57cf05466917e08f90e323f025b96f493f92c0344694f5702579ab4b7e2eb10d",
                "sha256:59d77bfa3bea13caee95bc0d3f1c518b15049b97dd61ea8b3d71ce677a67f808",
                "sha256:5d5254c815c186744c8f922e2ce861a2bdeabc06520b4b30b2f7d9767791ce6e",
                "sha256:5ea121cb66d7e5cb396b4c3ca90471252b94e01809805cfe3e4e44be2db3a99c",
                "sha256:60aeb14ff9022d2687ef98ce55f6342944c40d00916452bb90899a191802137a",
                "sha256:642eb4cabd997c9b949a994f9643cd8ae00cf4ca8c5cd9c273962296fadf1c44",
                "sha256:6548fc551de15f310dd0564751d9dc3d405278d45ea9b2b369ed1eccf142e1f5",
                "sha256:68a851176c931e2b3de6214347b767451243eeed3bea34c172127bbb5bf6c210",
                "sha256:6e84edecc3a82f90d44ddee2ee2a2630d4994b8471816e226d2b771cda7ac4ca",
                "sha256:73e8614258404b2689a26cb5d002512b8bc4dfa18aca86382f68f959aee9b0c8",
                "sha256:7679bb6e4d9a3978a46ab19a3560e8d2b7265ef3c88152e7fdc130d649789887",
                "sha256:76b6c296e4f7a1a8a128aec42d128646897f9ae9a700ef6839cdc9b3900db9b5",
                "sha256:7f00cc64b49d2ef19ddae898a3def9dd8fda9c3d27c8a174c2889ee757918e71",
                "sha256:8021eeff7fabde21b9858ed058a8250ad230cede91764d598c2466b0ba70db8b",
                "sha256:87f8f7df70b90fbe7b49969f07b347e3f978f8bd1046bb8ecae659921869202b",
                "sha256:916d457ad84e05b7db52700bad0a15c56e0c3000dcaf1263b2fb7a56fe148996",
                "sha256:925174cafb0f1179a7fd38da90302555d7445e34c9ece68019e53c946be7f542",
                "sha256:9801bcd52ac9c795a7d81ea67471a42cffe532e46cfb750cd5713befc5c019c0",
                "sha256:99cf827f5a783038eb313beee6533dddb8bdb086d7269c5c144c1c952d142ace",
                "sha256:a21b78af7e2e13bec6bea12fc33bc05730197674f3e5402ce214d07026ccfebd",
                "sha256:a52e8f317336a44836475e9c802f51c2dc38d612eaa76532cb1d17690338b63b",
                "sha256:a702005e447d712375433ed0499cb6e1503fadd6c96a47f51d707b4d37b76d3c",
                "sha256:a708c291900c40a7ecf23f1d2384ed0bc0604e24094dd13417c7e7f8f7a50d93",
                "sha256:a7790a273225b0c46e5f859c1327f0f659896cc72eaa537d23aa3ad9ff2a1cc1",
                "sha256:abcf7daa5ebcc89328326254f6dd6d566adb483d4d00178892afd386ab389de2",
                "sha256:add017c5bd6b9ec3a5f09248396b6ee2ce61c5621f087eb2269c813cd8813808",
                "sha256:af4139172ff0263d269abdcc641e944c9de4b5d660894a3ec7e9f9db63b56ac9",
                "sha256:b4015baed99d046c760f09a4c59d234d8f398a454380c3cf0b859aba97136090",
                "sha256:ba0006799f21d83c3717fe20e2707a10bbc296475155aadf4f5850f6659b96b9",
                "sha256:bdb98f4c9e8a1735efddfaa995b0c96559792da15d56b76428bdfc29f77c4cdb",
                "sha256:c34234a1bc9e466c104372af74d11a9f98338a3f72fae22b80485171a64e0144",
                "sha256:c580c2a61d8297a6e47f4d01f066517dbb019be98032880d19ece7f337a9401d",
                "sha256:ca9a40497f7e97a2a961c04fa8a6f23d790b0521350a8b455759d786b0bcb203",
                "sha256:cab343b265e38d4e00649cbbad9278b734c5715f9bcbb72c85a1f99b1a58e19a",
                "sha256:ce52aad32ec6e46d1a91ff8b8014a91538800dd533914bfc4a82f5018d971408",
                "sha256:da07c7e7fc9a3f40446b78c54dbba8bfd5c9100dfecb21b65bfe3f57844f5e71",
                "sha256:dc8a0dbb2a10ae8bb609584f5c504789f0f3d0d81840da4849102ec84289f952",
                "sha256:e5b4b0d9440046ead3bd425eb2b852499241ee0cef1ae151038e4f87ede888c4",
                "sha256:f33d8efb42e4fc2b31b3b4527940b25cdebb3026fb56a80c1c1c11a4271d2352",
                "sha256:f6befb83bca720b71d6bd6326a3b26e9496ae6649e26585de024890fe50f49b8",
                "sha256:fcc849b28f584ed1dbf277291ded5c32bb3476a37032df4a1d523b55faa5f944",
                "sha256:ff44de36772b05c2eb74f2b4b6d1ae29b8f41ed5506310ce1258d44826ee38c1"
            ],
            "index": "pypi",
            "version": "==4.6.5"
        },
        "nltk": {
            "hashes": [
                "sha256:0e1530447b0786cbee3245f10a36b2736661f6e150e8ac1850e2929346894934",
                "sha256:3a64b1cb685bbf344adec416871fee07996671c876ff313b3e504158fa1500e1"
            ],
            "index": "pypi",
            "version": "==3.4.1"
        },
        "numpy": {
            "hashes": [
                "sha256:0e2eed77804b2a6a88741f8fcac02c5499bba3953ec9c71e8b217fad4912c56c",
                "sha256:1c666f04553ef70fda54adf097dbae7080645435fc273e2397f26bbf1d127bbb",
                "sha256:1f46532afa7b2903bfb1b79becca2954c0a04389d19e03dc73f06b039048ac40",
                "sha256:315fa1b1dfc16ae0f03f8fd1c55f23fd15368710f641d570236f3d78af55e340",
                "sha256:3d5fcea4f5ed40c3280791d54da3ad2ecf896f4c87c877b113576b8280c59441",
                "sha256:48241759b99d60aba63b0e590332c600fc4b46ad597c9b0a53f350b871ef0634",
                "sha256:4b4f2924b36d857cf302aec369caac61e43500c17eeef0d7baacad1084c0ee84",
                "sha256:54fe3b7ed9e7eb928bbc4318f954d133851865f062fa4bbb02ef8940bc67b5d2",
                "sha256:5a8f021c70e6206c317974c93eaaf9bc2b56295b6b1cacccf88846e44a1f33fc",
                "sha256:754a6be26d938e6ca91942804eb209307b73f806a1721176278a6038869a1686",
                "sha256:771147e654e8b95eea1293174a94f34e2e77d5729ad44aefb62fbf8a79747a15",
                "sha256:78a6f89da87eeb48014ec652a65c4ffde370c036d780a995edaeb121d3625621",
                "sha256:7fde5c2a3a682a9e101e61d97696687ebdba47637611378b4127fe7e47fdf2bf",
                "sha256:80d99399c97f646e873dd8ce87c38cfdbb668956bbc39bc1e6cac4b515bba2a0",
                "sha256:88a72c1e45a0ae24d1f249a529d9f71fe82e6fa6a3fd61414b829396ec585900",
                "sha256:a4f4460877a16ac73302a9c077ca545498d9fe64e6a81398d8e1a67e4695e3df",
                "sha256:a61255a765b3ac73ee4b110b28fccfbf758c985677f526c2b4b39c48cc4b509d",
                "sha256:ab4896a8c910b9a04c0142871d8800c76c8a2e5ff44763513e1dd9d9631ce897",
                "sha256:abbd6b1c2ef6199f4b7ca9f818eb6b31f17b73a6110aadc4e4298c3f00fab24e",
                "sha256:b16d88da290334e33ea992c56492326ea3b06233a00a1855414360b77ca72f26",
                "sha256:b78a1defedb0e8f6ae1eb55fa6ac74ab42acc4569c3a2eacc2a407ee5d42ebcb",
                "sha256:cfef82c43b8b29ca436560d51b2251d5117818a8d1fb74a8384a83c096745dad",
                "sha256:d160e57731fcdec2beda807ebcabf39823c47e9409485b5a3a1db3a8c6ce763e"
            ],
            "index": "pypi",
            "version": "==1.16.3"
        },
        "prompt-toolkit": {
            "hashes": [
                "sha256:11adf3389a996a6d45cc277580d0d53e8a5afd281d0c9ec71b28e6f121463780",
                "sha256:2519ad1d8038fd5fc8e770362237ad0364d16a7650fb5724af6997ed5515e3c1",
                "sha256:977c6583ae813a37dc1c2e1b715892461fcbdaa57f6fc62f33a528c4886c8f55"
            ],
            "index": "pypi",
            "version": "==2.0.9"
        },
        "requests": {
            "hashes": [
                "sha256:6c1246513ecd5ecd4528a0906f910e8f0f9c6b8ec72030dc9fd154dc1a6efd24",
                "sha256:b8aa58f8cf793ffd8782d3d8cb19e66ef36f7aba4353eec859e74678b01b07a7"
            ],
            "markers": "python_version >= '2.7' and python_version not in '3.0, 3.1, 3.2, 3.3, 3.4, 3.5'",
            "version": "==2.26.0"
        },
        "six": {
            "hashes": [
                "sha256:1e61c37477a1626458e36f7b1d82aa5c9b094fa4802892072e49de9c60c4c926",
                "sha256:8abb2f1d86890a2dfb989f9a77cfcfd3e47c2a354b01111771326f8aa26e0254"
            ],
            "markers": "python_version >= '2.7' and python_version not in '3.0, 3.1, 3.2, 3.3'",
            "version": "==1.16.0"
        },
        "soupsieve": {
            "hashes": [
                "sha256:1a3cca2617c6b38c0343ed661b1fa5de5637f257d4fe22bd9f1338010a1efefb",
                "sha256:b8d49b1cd4f037c7082a9683dfa1801aa2597fb11c3a1155b7a5b94829b4f1f9"
            ],
            "markers": "python_version >= '3.6'",
            "version": "==2.3.1"
        },
        "texttable": {
            "hashes": [
                "sha256:2b60a5304ccfbeac80ffae7350d7c2f5d7a24e9aab5036d0f82489746419d9b2"
            ],
            "index": "pypi",
            "version": "==1.6.1"
        },
        "urllib3": {
            "hashes": [
                "sha256:4987c65554f7a2dbf30c18fd48778ef124af6fab771a377103da0585e2336ece",
                "sha256:c4fdf4019605b6e5423637e01bc9fe4daef873709a7973e195ceba0a62bbc844"
            ],
            "markers": "python_version >= '2.7' and python_version not in '3.0, 3.1, 3.2, 3.3, 3.4' and python_version < '4'",
            "version": "==1.26.7"
        },
        "wcwidth": {
            "hashes": [
                "sha256:beb4802a9cebb9144e99086eff703a642a13d6a0052920003a230f3294bbe784",
                "sha256:c4d647b99872929fdb7bdcaa4fbe7f01413ed3d98077df798530e5b04f116c83"
            ],
            "version": "==0.2.5"
        }
    },
    "develop": {}
}
